// !$*UTF8*$!
{
	archiveVersion = 1;
	classes = {
	};
	objectVersion = 46;
	objects = {

/* Begin PBXBuildFile section */
		D61E9D6919DAC69500D2FE5B /* CGPoint+Vector.m in Sources */ = {isa = PBXBuildFile; fileRef = D61E9D6719DAC69500D2FE5B /* CGPoint+Vector.m */; };
		D61E9D6B19DAC6AD00D2FE5B /* CGPoint+Vector.swift in Sources */ = {isa = PBXBuildFile; fileRef = D61E9D6819DAC69500D2FE5B /* CGPoint+Vector.swift */; };
		D61E9D6E19DAC72000D2FE5B /* libCGPoint+Vector.a in Frameworks */ = {isa = PBXBuildFile; fileRef = D61E9D4A19DAC56B00D2FE5B /* libCGPoint+Vector.a */; };
		D61E9D7519DAD45800D2FE5B /* CGPoint_Vector_Test.m in Sources */ = {isa = PBXBuildFile; fileRef = D61E9D7219DAD45800D2FE5B /* CGPoint_Vector_Test.m */; };
		D61E9D7619DAD45800D2FE5B /* CGPoint_Vector_Tests.swift in Sources */ = {isa = PBXBuildFile; fileRef = D61E9D7319DAD45800D2FE5B /* CGPoint_Vector_Tests.swift */; };
		D61E9D7719DAD45800D2FE5B /* Info.plist in Resources */ = {isa = PBXBuildFile; fileRef = D61E9D7419DAD45800D2FE5B /* Info.plist */; };
/* End PBXBuildFile section */

/* Begin PBXContainerItemProxy section */
		D61E9D6C19DAC71A00D2FE5B /* PBXContainerItemProxy */ = {
			isa = PBXContainerItemProxy;
			containerPortal = D61E9D4219DAC56B00D2FE5B /* Project object */;
			proxyType = 1;
			remoteGlobalIDString = D61E9D4919DAC56B00D2FE5B;
			remoteInfo = "CGPoint+Vector";
		};
/* End PBXContainerItemProxy section */

/* Begin PBXCopyFilesBuildPhase section */
		D61E9D4819DAC56B00D2FE5B /* CopyFiles */ = {
			isa = PBXCopyFilesBuildPhase;
			buildActionMask = 2147483647;
			dstPath = "include/$(PRODUCT_NAME)";
			dstSubfolderSpec = 16;
			files = (
			);
			runOnlyForDeploymentPostprocessing = 0;
		};
/* End PBXCopyFilesBuildPhase section */

/* Begin PBXFileReference section */
		D61E9D4A19DAC56B00D2FE5B /* libCGPoint+Vector.a */ = {isa = PBXFileReference; explicitFileType = archive.ar; includeInIndex = 0; path = "libCGPoint+Vector.a"; sourceTree = BUILT_PRODUCTS_DIR; };
		D61E9D5519DAC56B00D2FE5B /* CGPoint+VectorTests.xctest */ = {isa = PBXFileReference; explicitFileType = wrapper.cfbundle; includeInIndex = 0; path = "CGPoint+VectorTests.xctest"; sourceTree = BUILT_PRODUCTS_DIR; };
		D61E9D6619DAC69500D2FE5B /* CGPoint+Vector.h */ = {isa = PBXFileReference; fileEncoding = 4; lastKnownFileType = sourcecode.c.h; path = "CGPoint+Vector.h"; sourceTree = "<group>"; };
		D61E9D6719DAC69500D2FE5B /* CGPoint+Vector.m */ = {isa = PBXFileReference; fileEncoding = 4; lastKnownFileType = sourcecode.c.objc; path = "CGPoint+Vector.m"; sourceTree = "<group>"; };
		D61E9D6819DAC69500D2FE5B /* CGPoint+Vector.swift */ = {isa = PBXFileReference; fileEncoding = 4; lastKnownFileType = sourcecode.swift; path = "CGPoint+Vector.swift"; sourceTree = "<group>"; };
		D61E9D7219DAD45800D2FE5B /* CGPoint_Vector_Test.m */ = {isa = PBXFileReference; fileEncoding = 4; lastKnownFileType = sourcecode.c.objc; path = CGPoint_Vector_Test.m; sourceTree = "<group>"; };
		D61E9D7319DAD45800D2FE5B /* CGPoint_Vector_Tests.swift */ = {isa = PBXFileReference; fileEncoding = 4; lastKnownFileType = sourcecode.swift; path = CGPoint_Vector_Tests.swift; sourceTree = "<group>"; };
		D61E9D7419DAD45800D2FE5B /* Info.plist */ = {isa = PBXFileReference; fileEncoding = 4; lastKnownFileType = text.plist.xml; path = Info.plist; sourceTree = "<group>"; };
/* End PBXFileReference section */

/* Begin PBXFrameworksBuildPhase section */
		D61E9D4719DAC56B00D2FE5B /* Frameworks */ = {
			isa = PBXFrameworksBuildPhase;
			buildActionMask = 2147483647;
			files = (
			);
			runOnlyForDeploymentPostprocessing = 0;
		};
		D61E9D5219DAC56B00D2FE5B /* Frameworks */ = {
			isa = PBXFrameworksBuildPhase;
			buildActionMask = 2147483647;
			files = (
				D61E9D6E19DAC72000D2FE5B /* libCGPoint+Vector.a in Frameworks */,
			);
			runOnlyForDeploymentPostprocessing = 0;
		};
/* End PBXFrameworksBuildPhase section */

/* Begin PBXGroup section */
		D61E9D4119DAC56B00D2FE5B = {
			isa = PBXGroup;
			children = (
				D61E9D6519DAC69500D2FE5B /* CGPoint+Vector */,
				D61E9D7119DAD45800D2FE5B /* CGPoint+Vector-Tests */,
				D61E9D4B19DAC56B00D2FE5B /* Products */,
			);
			sourceTree = "<group>";
		};
		D61E9D4B19DAC56B00D2FE5B /* Products */ = {
			isa = PBXGroup;
			children = (
				D61E9D4A19DAC56B00D2FE5B /* libCGPoint+Vector.a */,
				D61E9D5519DAC56B00D2FE5B /* CGPoint+VectorTests.xctest */,
			);
			name = Products;
			sourceTree = "<group>";
		};
		D61E9D6519DAC69500D2FE5B /* CGPoint+Vector */ = {
			isa = PBXGroup;
			children = (
				D61E9D6619DAC69500D2FE5B /* CGPoint+Vector.h */,
				D61E9D6719DAC69500D2FE5B /* CGPoint+Vector.m */,
				D61E9D6819DAC69500D2FE5B /* CGPoint+Vector.swift */,
			);
			path = "CGPoint+Vector";
			sourceTree = "<group>";
		};
		D61E9D7119DAD45800D2FE5B /* CGPoint+Vector-Tests */ = {
			isa = PBXGroup;
			children = (
				D61E9D7219DAD45800D2FE5B /* CGPoint_Vector_Test.m */,
				D61E9D7319DAD45800D2FE5B /* CGPoint_Vector_Tests.swift */,
				D61E9D7419DAD45800D2FE5B /* Info.plist */,
			);
			path = "CGPoint+Vector-Tests";
			sourceTree = "<group>";
		};
/* End PBXGroup section */

/* Begin PBXNativeTarget section */
		D61E9D4919DAC56B00D2FE5B /* CGPoint+Vector */ = {
			isa = PBXNativeTarget;
			buildConfigurationList = D61E9D5B19DAC56B00D2FE5B /* Build configuration list for PBXNativeTarget "CGPoint+Vector" */;
			buildPhases = (
				D61E9D4619DAC56B00D2FE5B /* Sources */,
				D61E9D4719DAC56B00D2FE5B /* Frameworks */,
				D61E9D4819DAC56B00D2FE5B /* CopyFiles */,
			);
			buildRules = (
			);
			dependencies = (
			);
			name = "CGPoint+Vector";
			productName = "CGPoint+Vector";
			productReference = D61E9D4A19DAC56B00D2FE5B /* libCGPoint+Vector.a */;
			productType = "com.apple.product-type.library.static";
		};
		D61E9D5419DAC56B00D2FE5B /* CGPoint+Vector-Tests */ = {
			isa = PBXNativeTarget;
			buildConfigurationList = D61E9D5E19DAC56B00D2FE5B /* Build configuration list for PBXNativeTarget "CGPoint+Vector-Tests" */;
			buildPhases = (
				D61E9D5119DAC56B00D2FE5B /* Sources */,
				D61E9D5219DAC56B00D2FE5B /* Frameworks */,
				D61E9D5319DAC56B00D2FE5B /* Resources */,
			);
			buildRules = (
			);
			dependencies = (
				D61E9D6D19DAC71A00D2FE5B /* PBXTargetDependency */,
			);
			name = "CGPoint+Vector-Tests";
			productName = "CGPoint+VectorTests";
			productReference = D61E9D5519DAC56B00D2FE5B /* CGPoint+VectorTests.xctest */;
			productType = "com.apple.product-type.bundle.unit-test";
		};
/* End PBXNativeTarget section */

/* Begin PBXProject section */
		D61E9D4219DAC56B00D2FE5B /* Project object */ = {
			isa = PBXProject;
			attributes = {
				LastUpgradeCheck = 0600;
				ORGANIZATIONNAME = koherent.org;
				TargetAttributes = {
					D61E9D4919DAC56B00D2FE5B = {
						CreatedOnToolsVersion = 6.0.1;
					};
					D61E9D5419DAC56B00D2FE5B = {
						CreatedOnToolsVersion = 6.0.1;
					};
				};
			};
			buildConfigurationList = D61E9D4519DAC56B00D2FE5B /* Build configuration list for PBXProject "CGPoint+Vector" */;
			compatibilityVersion = "Xcode 3.2";
			developmentRegion = English;
			hasScannedForEncodings = 0;
			knownRegions = (
				en,
			);
			mainGroup = D61E9D4119DAC56B00D2FE5B;
			productRefGroup = D61E9D4B19DAC56B00D2FE5B /* Products */;
			projectDirPath = "";
			projectRoot = "";
			targets = (
				D61E9D4919DAC56B00D2FE5B /* CGPoint+Vector */,
				D61E9D5419DAC56B00D2FE5B /* CGPoint+Vector-Tests */,
			);
		};
/* End PBXProject section */

/* Begin PBXResourcesBuildPhase section */
		D61E9D5319DAC56B00D2FE5B /* Resources */ = {
			isa = PBXResourcesBuildPhase;
			buildActionMask = 2147483647;
			files = (
				D61E9D7719DAD45800D2FE5B /* Info.plist in Resources */,
			);
			runOnlyForDeploymentPostprocessing = 0;
		};
/* End PBXResourcesBuildPhase section */

/* Begin PBXSourcesBuildPhase section */
		D61E9D4619DAC56B00D2FE5B /* Sources */ = {
			isa = PBXSourcesBuildPhase;
			buildActionMask = 2147483647;
			files = (
				D61E9D6919DAC69500D2FE5B /* CGPoint+Vector.m in Sources */,
			);
			runOnlyForDeploymentPostprocessing = 0;
		};
		D61E9D5119DAC56B00D2FE5B /* Sources */ = {
			isa = PBXSourcesBuildPhase;
			buildActionMask = 2147483647;
			files = (
				D61E9D6B19DAC6AD00D2FE5B /* CGPoint+Vector.swift in Sources */,
				D61E9D7619DAD45800D2FE5B /* CGPoint_Vector_Tests.swift in Sources */,
				D61E9D7519DAD45800D2FE5B /* CGPoint_Vector_Test.m in Sources */,
			);
			runOnlyForDeploymentPostprocessing = 0;
		};
/* End PBXSourcesBuildPhase section */

/* Begin PBXTargetDependency section */
		D61E9D6D19DAC71A00D2FE5B /* PBXTargetDependency */ = {
			isa = PBXTargetDependency;
			target = D61E9D4919DAC56B00D2FE5B /* CGPoint+Vector */;
			targetProxy = D61E9D6C19DAC71A00D2FE5B /* PBXContainerItemProxy */;
		};
/* End PBXTargetDependency section */

/* Begin XCBuildConfiguration section */
		D61E9D5919DAC56B00D2FE5B /* Debug */ = {
			isa = XCBuildConfiguration;
			buildSettings = {
				ALWAYS_SEARCH_USER_PATHS = NO;
				CLANG_CXX_LANGUAGE_STANDARD = "gnu++0x";
				CLANG_CXX_LIBRARY = "libc++";
				CLANG_ENABLE_MODULES = YES;
				CLANG_ENABLE_OBJC_ARC = YES;
				CLANG_WARN_BOOL_CONVERSION = YES;
				CLANG_WARN_CONSTANT_CONVERSION = YES;
				CLANG_WARN_DIRECT_OBJC_ISA_USAGE = YES_ERROR;
				CLANG_WARN_EMPTY_BODY = YES;
				CLANG_WARN_ENUM_CONVERSION = YES;
				CLANG_WARN_INT_CONVERSION = YES;
				CLANG_WARN_OBJC_ROOT_CLASS = YES_ERROR;
				CLANG_WARN_UNREACHABLE_CODE = YES;
				CLANG_WARN__DUPLICATE_METHOD_MATCH = YES;
				COPY_PHASE_STRIP = NO;
				ENABLE_STRICT_OBJC_MSGSEND = YES;
				GCC_C_LANGUAGE_STANDARD = gnu99;
				GCC_DYNAMIC_NO_PIC = NO;
				GCC_OPTIMIZATION_LEVEL = 0;
				GCC_PREPROCESSOR_DEFINITIONS = (
					"DEBUG=1",
					"$(inherited)",
				);
				GCC_SYMBOLS_PRIVATE_EXTERN = NO;
				GCC_WARN_64_TO_32_BIT_CONVERSION = YES;
				GCC_WARN_ABOUT_RETURN_TYPE = YES_ERROR;
				GCC_WARN_UNDECLARED_SELECTOR = YES;
				GCC_WARN_UNINITIALIZED_AUTOS = YES_AGGRESSIVE;
				GCC_WARN_UNUSED_FUNCTION = YES;
				GCC_WARN_UNUSED_VARIABLE = YES;
				IPHONEOS_DEPLOYMENT_TARGET = 7.0;
				MTL_ENABLE_DEBUG_INFO = YES;
				ONLY_ACTIVE_ARCH = YES;
				SDKROOT = iphoneos;
			};
			name = Debug;
		};
		D61E9D5A19DAC56B00D2FE5B /* Release */ = {
			isa = XCBuildConfiguration;
			buildSettings = {
				ALWAYS_SEARCH_USER_PATHS = NO;
				CLANG_CXX_LANGUAGE_STANDARD = "gnu++0x";
				CLANG_CXX_LIBRARY = "libc++";
				CLANG_ENABLE_MODULES = YES;
				CLANG_ENABLE_OBJC_ARC = YES;
				CLANG_WARN_BOOL_CONVERSION = YES;
				CLANG_WARN_CONSTANT_CONVERSION = YES;
				CLANG_WARN_DIRECT_OBJC_ISA_USAGE = YES_ERROR;
				CLANG_WARN_EMPTY_BODY = YES;
				CLANG_WARN_ENUM_CONVERSION = YES;
				CLANG_WARN_INT_CONVERSION = YES;
				CLANG_WARN_OBJC_ROOT_CLASS = YES_ERROR;
				CLANG_WARN_UNREACHABLE_CODE = YES;
				CLANG_WARN__DUPLICATE_METHOD_MATCH = YES;
				COPY_PHASE_STRIP = YES;
				ENABLE_NS_ASSERTIONS = NO;
				ENABLE_STRICT_OBJC_MSGSEND = YES;
				GCC_C_LANGUAGE_STANDARD = gnu99;
				GCC_WARN_64_TO_32_BIT_CONVERSION = YES;
				GCC_WARN_ABOUT_RETURN_TYPE = YES_ERROR;
				GCC_WARN_UNDECLARED_SELECTOR = YES;
				GCC_WARN_UNINITIALIZED_AUTOS = YES_AGGRESSIVE;
				GCC_WARN_UNUSED_FUNCTION = YES;
				GCC_WARN_UNUSED_VARIABLE = YES;
				IPHONEOS_DEPLOYMENT_TARGET = 7.0;
				MTL_ENABLE_DEBUG_INFO = NO;
				SDKROOT = iphoneos;
				VALIDATE_PRODUCT = YES;
			};
			name = Release;
		};
		D61E9D5C19DAC56B00D2FE5B /* Debug */ = {
			isa = XCBuildConfiguration;
			buildSettings = {
				OTHER_LDFLAGS = "-ObjC";
				PRODUCT_NAME = "$(TARGET_NAME)";
				SKIP_INSTALL = YES;
			};
			name = Debug;
		};
		D61E9D5D19DAC56B00D2FE5B /* Release */ = {
			isa = XCBuildConfiguration;
			buildSettings = {
				OTHER_LDFLAGS = "-ObjC";
				PRODUCT_NAME = "$(TARGET_NAME)";
				SKIP_INSTALL = YES;
			};
			name = Release;
		};
		D61E9D5F19DAC56B00D2FE5B /* Debug */ = {
			isa = XCBuildConfiguration;
			buildSettings = {
				FRAMEWORK_SEARCH_PATHS = (
					"$(SDKROOT)/Developer/Library/Frameworks",
					"$(inherited)",
				);
				GCC_PREPROCESSOR_DEFINITIONS = (
					"DEBUG=1",
					"$(inherited)",
				);
				INFOPLIST_FILE = "CGPoint+Vector-Tests/Info.plist";
				LD_RUNPATH_SEARCH_PATHS = "$(inherited) @executable_path/Frameworks @loader_path/Frameworks";
				PRODUCT_NAME = "$(TARGET_NAME)";
			};
			name = Debug;
		};
		D61E9D6019DAC56B00D2FE5B /* Release */ = {
			isa = XCBuildConfiguration;
			buildSettings = {
				FRAMEWORK_SEARCH_PATHS = (
					"$(SDKROOT)/Developer/Library/Frameworks",
					"$(inherited)",
				);
				INFOPLIST_FILE = "CGPoint+Vector-Tests/Info.plist";
				LD_RUNPATH_SEARCH_PATHS = "$(inherited) @executable_path/Frameworks @loader_path/Frameworks";
				PRODUCT_NAME = "$(TARGET_NAME)";
			};
			name = Release;
		};
/* End XCBuildConfiguration section */

/* Begin XCConfigurationList section */
		D61E9D4519DAC56B00D2FE5B /* Build configuration list for PBXProject "CGPoint+Vector" */ = {
			isa = XCConfigurationList;
			buildConfigurations = (
				D61E9D5919DAC56B00D2FE5B /* Debug */,
				D61E9D5A19DAC56B00D2FE5B /* Release */,
			);
			defaultConfigurationIsVisible = 0;
			defaultConfigurationName = Release;
		};
		D61E9D5B19DAC56B00D2FE5B /* Build configuration list for PBXNativeTarget "CGPoint+Vector" */ = {
			isa = XCConfigurationList;
			buildConfigurations = (
				D61E9D5C19DAC56B00D2FE5B /* Debug */,
				D61E9D5D19DAC56B00D2FE5B /* Release */,
			);
			defaultConfigurationIsVisible = 0;
			defaultConfigurationName = Release;
		};
		D61E9D5E19DAC56B00D2FE5B /* Build configuration list for PBXNativeTarget "CGPoint+Vector-Tests" */ = {
			isa = XCConfigurationList;
			buildConfigurations = (
				D61E9D5F19DAC56B00D2FE5B /* Debug */,
				D61E9D6019DAC56B00D2FE5B /* Release */,
			);
			defaultConfigurationIsVisible = 0;
			defaultConfigurationName = Release;
		};
/* End XCConfigurationList section */
	};
	rootObject = D61E9D4219DAC56B00D2FE5B /* Project object */;
}
